// !$*UTF8*$!
{
	archiveVersion = 1;
	classes = {
	};
	objectVersion = 50;
	objects = {

/* Begin PBXBuildFile section */
		3854A5AA212BC7DC00F215C9 /* AppDelegate.swift in Sources */ = {isa = PBXBuildFile; fileRef = 3854A5A9212BC7DC00F215C9 /* AppDelegate.swift */; };
		3854A5AF212BC7DD00F215C9 /* Main.storyboard in Resources */ = {isa = PBXBuildFile; fileRef = 3854A5AD212BC7DD00F215C9 /* Main.storyboard */; };
		3854A5B1212BC7DE00F215C9 /* Assets.xcassets in Resources */ = {isa = PBXBuildFile; fileRef = 3854A5B0212BC7DE00F215C9 /* Assets.xcassets */; };
		3854A5B4212BC7DE00F215C9 /* LaunchScreen.storyboard in Resources */ = {isa = PBXBuildFile; fileRef = 3854A5B2212BC7DE00F215C9 /* LaunchScreen.storyboard */; };
		3854A5BC212BCD4F00F215C9 /* WeekdaysTableViewController.swift in Sources */ = {isa = PBXBuildFile; fileRef = 3854A5BB212BCD4F00F215C9 /* WeekdaysTableViewController.swift */; };
		3854A5BE212BCD8400F215C9 /* DayViewController.swift in Sources */ = {isa = PBXBuildFile; fileRef = 3854A5BD212BCD8400F215C9 /* DayViewController.swift */; };
/* End PBXBuildFile section */

/* Begin PBXFileReference section */
		3854A5A6212BC7DC00F215C9 /* TableView Guided Project.app */ = {isa = PBXFileReference; explicitFileType = wrapper.application; includeInIndex = 0; path = "TableView Guided Project.app"; sourceTree = BUILT_PRODUCTS_DIR; };
		3854A5A9212BC7DC00F215C9 /* AppDelegate.swift */ = {isa = PBXFileReference; lastKnownFileType = sourcecode.swift; path = AppDelegate.swift; sourceTree = "<group>"; };
		3854A5AE212BC7DD00F215C9 /* Base */ = {isa = PBXFileReference; lastKnownFileType = file.storyboard; name = Base; path = Base.lproj/Main.storyboard; sourceTree = "<group>"; };
		3854A5B0212BC7DE00F215C9 /* Assets.xcassets */ = {isa = PBXFileReference; lastKnownFileType = folder.assetcatalog; path = Assets.xcassets; sourceTree = "<group>"; };
		3854A5B3212BC7DE00F215C9 /* Base */ = {isa = PBXFileReference; lastKnownFileType = file.storyboard; name = Base; path = Base.lproj/LaunchScreen.storyboard; sourceTree = "<group>"; };
		3854A5B5212BC7DE00F215C9 /* Info.plist */ = {isa = PBXFileReference; lastKnownFileType = text.plist.xml; path = Info.plist; sourceTree = "<group>"; };
		3854A5BB212BCD4F00F215C9 /* WeekdaysTableViewController.swift */ = {isa = PBXFileReference; lastKnownFileType = sourcecode.swift; path = WeekdaysTableViewController.swift; sourceTree = "<group>"; };
		3854A5BD212BCD8400F215C9 /* DayViewController.swift */ = {isa = PBXFileReference; lastKnownFileType = sourcecode.swift; path = DayViewController.swift; sourceTree = "<group>"; };
/* End PBXFileReference section */

/* Begin PBXFrameworksBuildPhase section */
		3854A5A3212BC7DC00F215C9 /* Frameworks */ = {
			isa = PBXFrameworksBuildPhase;
			buildActionMask = 2147483647;
			files = (
			);
			runOnlyForDeploymentPostprocessing = 0;
		};
/* End PBXFrameworksBuildPhase section */

/* Begin PBXGroup section */
		3854A59D212BC7DC00F215C9 = {
			isa = PBXGroup;
			children = (
				3854A5A8212BC7DC00F215C9 /* TableView Guided Project */,
				3854A5A7212BC7DC00F215C9 /* Products */,
			);
			sourceTree = "<group>";
		};
		3854A5A7212BC7DC00F215C9 /* Products */ = {
			isa = PBXGroup;
			children = (
				3854A5A6212BC7DC00F215C9 /* TableView Guided Project.app */,
			);
			name = Products;
			sourceTree = "<group>";
		};
		3854A5A8212BC7DC00F215C9 /* TableView Guided Project */ = {
			isa = PBXGroup;
			children = (
				3854A5A9212BC7DC00F215C9 /* AppDelegate.swift */,
				3854A5BB212BCD4F00F215C9 /* WeekdaysTableViewController.swift */,
				3854A5BD212BCD8400F215C9 /* DayViewController.swift */,
				3854A5AD212BC7DD00F215C9 /* Main.storyboard */,
				3854A5B0212BC7DE00F215C9 /* Assets.xcassets */,
				3854A5B2212BC7DE00F215C9 /* LaunchScreen.storyboard */,
				3854A5B5212BC7DE00F215C9 /* Info.plist */,
			);
			path = "TableView Guided Project";
			sourceTree = "<group>";
		};
/* End PBXGroup section */

/* Begin PBXNativeTarget section */
		3854A5A5212BC7DC00F215C9 /* TableView Guided Project */ = {
			isa = PBXNativeTarget;
			buildConfigurationList = 3854A5B8212BC7DE00F215C9 /* Build configuration list for PBXNativeTarget "TableView Guided Project" */;
			buildPhases = (
				3854A5A2212BC7DC00F215C9 /* Sources */,
				3854A5A3212BC7DC00F215C9 /* Frameworks */,
				3854A5A4212BC7DC00F215C9 /* Resources */,
			);
			buildRules = (
			);
			dependencies = (
			);
			name = "TableView Guided Project";
			productName = "TableView Guided Project";
			productReference = 3854A5A6212BC7DC00F215C9 /* TableView Guided Project.app */;
			productType = "com.apple.product-type.application";
		};
/* End PBXNativeTarget section */

/* Begin PBXProject section */
		3854A59E212BC7DC00F215C9 /* Project object */ = {
			isa = PBXProject;
			attributes = {
				LastSwiftUpdateCheck = 0940;
				LastUpgradeCheck = 0940;
				ORGANIZATIONNAME = "Eric Andersen";
				TargetAttributes = {
					3854A5A5212BC7DC00F215C9 = {
						CreatedOnToolsVersion = 9.4.1;
					};
				};
			};
			buildConfigurationList = 3854A5A1212BC7DC00F215C9 /* Build configuration list for PBXProject "TableView Guided Project" */;
			compatibilityVersion = "Xcode 9.3";
			developmentRegion = en;
			hasScannedForEncodings = 0;
			knownRegions = (
				en,
				Base,
			);
			mainGroup = 3854A59D212BC7DC00F215C9;
			productRefGroup = 3854A5A7212BC7DC00F215C9 /* Products */;
			projectDirPath = "";
			projectRoot = "";
			targets = (
				3854A5A5212BC7DC00F215C9 /* TableView Guided Project */,
			);
		};
/* End PBXProject section */

/* Begin PBXResourcesBuildPhase section */
		3854A5A4212BC7DC00F215C9 /* Resources */ = {
			isa = PBXResourcesBuildPhase;
			buildActionMask = 2147483647;
			files = (
				3854A5B4212BC7DE00F215C9 /* LaunchScreen.storyboard in Resources */,
				3854A5B1212BC7DE00F215C9 /* Assets.xcassets in Resources */,
				3854A5AF212BC7DD00F215C9 /* Main.storyboard in Resources */,
			);
			runOnlyForDeploymentPostprocessing = 0;
		};
/* End PBXResourcesBuildPhase section */

/* Begin PBXSourcesBuildPhase section */
		3854A5A2212BC7DC00F215C9 /* Sources */ = {
			isa = PBXSourcesBuildPhase;
			buildActionMask = 2147483647;
			files = (
				3854A5BC212BCD4F00F215C9 /* WeekdaysTableViewController.swift in Sources */,
				3854A5AA212BC7DC00F215C9 /* AppDelegate.swift in Sources */,
				3854A5BE212BCD8400F215C9 /* DayViewController.swift in Sources */,
			);
			runOnlyForDeploymentPostprocessing = 0;
		};
/* End PBXSourcesBuildPhase section */

/* Begin PBXVariantGroup section */
		3854A5AD212BC7DD00F215C9 /* Main.storyboard */ = {
			isa = PBXVariantGroup;
			children = (
				3854A5AE212BC7DD00F215C9 /* Base */,
			);
			name = Main.storyboard;
			sourceTree = "<group>";
		};
		3854A5B2212BC7DE00F215C9 /* LaunchScreen.storyboard */ = {
			isa = PBXVariantGroup;
			children = (
				3854A5B3212BC7DE00F215C9 /* Base */,
			);
			name = LaunchScreen.storyboard;
			sourceTree = "<group>";
		};
/* End PBXVariantGroup section */

/* Begin XCBuildConfiguration section */
		3854A5B6212BC7DE00F215C9 /* Debug */ = {
			isa = XCBuildConfiguration;
			buildSettings = {
				ALWAYS_SEARCH_USER_PATHS = NO;
				CLANG_ANALYZER_NONNULL = YES;
				CLANG_ANALYZER_NUMBER_OBJECT_CONVERSION = YES_AGGRESSIVE;
				CLANG_CXX_LANGUAGE_STANDARD = "gnu++14";
				CLANG_CXX_LIBRARY = "libc++";
				CLANG_ENABLE_MODULES = YES;
				CLANG_ENABLE_OBJC_ARC = YES;
				CLANG_ENABLE_OBJC_WEAK = YES;
				CLANG_WARN_BLOCK_CAPTURE_AUTORELEASING = YES;
				CLANG_WARN_BOOL_CONVERSION = YES;
				CLANG_WARN_COMMA = YES;
				CLANG_WARN_CONSTANT_CONVERSION = YES;
				CLANG_WARN_DEPRECATED_OBJC_IMPLEMENTATIONS = YES;
				CLANG_WARN_DIRECT_OBJC_ISA_USAGE = YES_ERROR;
				CLANG_WARN_DOCUMENTATION_COMMENTS = YES;
				CLANG_WARN_EMPTY_BODY = YES;
				CLANG_WARN_ENUM_CONVERSION = YES;
				CLANG_WARN_INFINITE_RECURSION = YES;
				CLANG_WARN_INT_CONVERSION = YES;
				CLANG_WARN_NON_LITERAL_NULL_CONVERSION = YES;
				CLANG_WARN_OBJC_IMPLICIT_RETAIN_SELF = YES;
				CLANG_WARN_OBJC_LITERAL_CONVERSION = YES;
				CLANG_WARN_OBJC_ROOT_CLASS = YES_ERROR;
				CLANG_WARN_RANGE_LOOP_ANALYSIS = YES;
				CLANG_WARN_STRICT_PROTOTYPES = YES;
				CLANG_WARN_SUSPICIOUS_MOVE = YES;
				CLANG_WARN_UNGUARDED_AVAILABILITY = YES_AGGRESSIVE;
				CLANG_WARN_UNREACHABLE_CODE = YES;
				CLANG_WARN__DUPLICATE_METHOD_MATCH = YES;
				CODE_SIGN_IDENTITY = "iPhone Developer";
				COPY_PHASE_STRIP = NO;
				DEBUG_INFORMATION_FORMAT = dwarf;
				ENABLE_STRICT_OBJC_MSGSEND = YES;
				ENABLE_TESTABILITY = YES;
				GCC_C_LANGUAGE_STANDARD = gnu11;
				GCC_DYNAMIC_NO_PIC = NO;
				GCC_NO_COMMON_BLOCKS = YES;
				GCC_OPTIMIZATION_LEVEL = 0;
				GCC_PREPROCESSOR_DEFINITIONS = (
					"DEBUG=1",
					"$(inherited)",
				);
				GCC_WARN_64_TO_32_BIT_CONVERSION = YES;
				GCC_WARN_ABOUT_RETURN_TYPE = YES_ERROR;
				GCC_WARN_UNDECLARED_SELECTOR = YES;
				GCC_WARN_UNINITIALIZED_AUTOS = YES_AGGRESSIVE;
				GCC_WARN_UNUSED_FUNCTION = YES;
				GCC_WARN_UNUSED_VARIABLE = YES;
				IPHONEOS_DEPLOYMENT_TARGET = 11.4;
				MTL_ENABLE_DEBUG_INFO = YES;
				ONLY_ACTIVE_ARCH = YES;
				SDKROOT = iphoneos;
				SWIFT_ACTIVE_COMPILATION_CONDITIONS = DEBUG;
				SWIFT_OPTIMIZATION_LEVEL = "-Onone";
			};
			name = Debug;
		};
		3854A5B7212BC7DE00F215C9 /* Release */ = {
			isa = XCBuildConfiguration;
			buildSettings = {
				ALWAYS_SEARCH_USER_PATHS = NO;
				CLANG_ANALYZER_NONNULL = YES;
				CLANG_ANALYZER_NUMBER_OBJECT_CONVERSION = YES_AGGRESSIVE;
				CLANG_CXX_LANGUAGE_STANDARD = "gnu++14";
				CLANG_CXX_LIBRARY = "libc++";
				CLANG_ENABLE_MODULES = YES;
				CLANG_ENABLE_OBJC_ARC = YES;
				CLANG_ENABLE_OBJC_WEAK = YES;
				CLANG_WARN_BLOCK_CAPTURE_AUTORELEASING = YES;
				CLANG_WARN_BOOL_CONVERSION = YES;
				CLANG_WARN_COMMA = YES;
				CLANG_WARN_CONSTANT_CONVERSION = YES;
				CLANG_WARN_DEPRECATED_OBJC_IMPLEMENTATIONS = YES;
				CLANG_WARN_DIRECT_OBJC_ISA_USAGE = YES_ERROR;
				CLANG_WARN_DOCUMENTATION_COMMENTS = YES;
				CLANG_WARN_EMPTY_BODY = YES;
				CLANG_WARN_ENUM_CONVERSION = YES;
				CLANG_WARN_INFINITE_RECURSION = YES;
				CLANG_WARN_INT_CONVERSION = YES;
				CLANG_WARN_NON_LITERAL_NULL_CONVERSION = YES;
				CLANG_WARN_OBJC_IMPLICIT_RETAIN_SELF = YES;
				CLANG_WARN_OBJC_LITERAL_CONVERSION = YES;
				CLANG_WARN_OBJC_ROOT_CLASS = YES_ERROR;
				CLANG_WARN_RANGE_LOOP_ANALYSIS = YES;
				CLANG_WARN_STRICT_PROTOTYPES = YES;
				CLANG_WARN_SUSPICIOUS_MOVE = YES;
				CLANG_WARN_UNGUARDED_AVAILABILITY = YES_AGGRESSIVE;
				CLANG_WARN_UNREACHABLE_CODE = YES;
				CLANG_WARN__DUPLICATE_METHOD_MATCH = YES;
				CODE_SIGN_IDENTITY = "iPhone Developer";
				COPY_PHASE_STRIP = NO;
				DEBUG_INFORMATION_FORMAT = "dwarf-with-dsym";
				ENABLE_NS_ASSERTIONS = NO;
				ENABLE_STRICT_OBJC_MSGSEND = YES;
				GCC_C_LANGUAGE_STANDARD = gnu11;
				GCC_NO_COMMON_BLOCKS = YES;
				GCC_WARN_64_TO_32_BIT_CONVERSION = YES;
				GCC_WARN_ABOUT_RETURN_TYPE = YES_ERROR;
				GCC_WARN_UNDECLARED_SELECTOR = YES;
				GCC_WARN_UNINITIALIZED_AUTOS = YES_AGGRESSIVE;
				GCC_WARN_UNUSED_FUNCTION = YES;
				GCC_WARN_UNUSED_VARIABLE = YES;
				IPHONEOS_DEPLOYMENT_TARGET = 11.4;
				MTL_ENABLE_DEBUG_INFO = NO;
				SDKROOT = iphoneos;
				SWIFT_COMPILATION_MODE = wholemodule;
				SWIFT_OPTIMIZATION_LEVEL = "-O";
				VALIDATE_PRODUCT = YES;
			};
			name = Release;
		};
		3854A5B9212BC7DE00F215C9 /* Debug */ = {
			isa = XCBuildConfiguration;
			buildSettings = {
				ASSETCATALOG_COMPILER_APPICON_NAME = AppIcon;
				CODE_SIGN_STYLE = Automatic;
				DEVELOPMENT_TEAM = S2V96BB45E;
				INFOPLIST_FILE = "TableView Guided Project/Info.plist";
				LD_RUNPATH_SEARCH_PATHS = (
					"$(inherited)",
					"@executable_path/Frameworks",
				);
				PRODUCT_BUNDLE_IDENTIFIER = "com.EricAndersen.TableView-Guided-Project";
				PRODUCT_NAME = "$(TARGET_NAME)";
				SWIFT_VERSION = 4.0;
				TARGETED_DEVICE_FAMILY = "1,2";
			};
			name = Debug;
		};
		3854A5BA212BC7DE00F215C9 /* Release */ = {
			isa = XCBuildConfiguration;
			buildSettings = {
				ASSETCATALOG_COMPILER_APPICON_NAME = AppIcon;
				CODE_SIGN_STYLE = Automatic;
				DEVELOPMENT_TEAM = S2V96BB45E;
				INFOPLIST_FILE = "TableView Guided Project/Info.plist";
				LD_RUNPATH_SEARCH_PATHS = (
					"$(inherited)",
					"@executable_path/Frameworks",
				);
				PRODUCT_BUNDLE_IDENTIFIER = "com.EricAndersen.TableView-Guided-Project";
				PRODUCT_NAME = "$(TARGET_NAME)";
				SWIFT_VERSION = 4.0;
				TARGETED_DEVICE_FAMILY = "1,2";
			};
			name = Release;
		};
/* End XCBuildConfiguration section */

/* Begin XCConfigurationList section */
		3854A5A1212BC7DC00F215C9 /* Build configuration list for PBXProject "TableView Guided Project" */ = {
			isa = XCConfigurationList;
			buildConfigurations = (
				3854A5B6212BC7DE00F215C9 /* Debug */,
				3854A5B7212BC7DE00F215C9 /* Release */,
			);
			defaultConfigurationIsVisible = 0;
			defaultConfigurationName = Release;
		};
		3854A5B8212BC7DE00F215C9 /* Build configuration list for PBXNativeTarget "TableView Guided Project" */ = {
			isa = XCConfigurationList;
			buildConfigurations = (
				3854A5B9212BC7DE00F215C9 /* Debug */,
				3854A5BA212BC7DE00F215C9 /* Release */,
			);
			defaultConfigurationIsVisible = 0;
			defaultConfigurationName = Release;
		};
/* End XCConfigurationList section */
	};
	rootObject = 3854A59E212BC7DC00F215C9 /* Project object */;
}
